
Microsoft Visual Studio Solution File, Format Version 12.00
# Visual Studio Version 17
VisualStudioVersion = 17.0.31903.59
MinimumVisualStudioVersion = 10.0.40219.1
Project("{2150E333-8FDC-42A3-9474-1A3956D46DE8}") = "domain", "domain", "{CFBBC715-25EA-416A-8BC3-CC3DF45A11F3}"
EndProject
Project("{9A19103F-16F7-4668-BE54-9A1E7A4F7556}") = "Store", "domain\Store\Store.csproj", "{B06AB06E-858C-4118-8234-4A01965F1DEB}"
EndProject
Project("{2150E333-8FDC-42A3-9474-1A3956D46DE8}") = "infrastructure", "infrastructure", "{991212EE-4C9C-4B6B-A60F-42C38481E334}"
EndProject
Project("{9A19103F-16F7-4668-BE54-9A1E7A4F7556}") = "Store.Memory", "infrastructure\Store.Memory\Store.Memory.csproj", "{0D30110E-5478-4A29-8130-F40F462EC4BB}"
EndProject
Project("{2150E333-8FDC-42A3-9474-1A3956D46DE8}") = "presentation", "presentation", "{D9A2EE6B-C040-4457-A65B-CC099FC391DF}"
EndProject
Project("{9A19103F-16F7-4668-BE54-9A1E7A4F7556}") = "Store.Web", "presentation\Store.Web\Store.Web.csproj", "{2DEAEF29-5D9A-4769-9D8D-C44177F59D53}"
EndProject
Project("{FAE04EC0-301F-11D3-BF4B-00C04F79EFBC}") = "Store.Tests", "domain\Store.Tests\Store.Tests.csproj", "{4B2A2ACA-6223-4832-8D56-83C0438CBBE4}"
EndProject
Global
	GlobalSection(SolutionConfigurationPlatforms) = preSolution
		Debug|Any CPU = Debug|Any CPU
		Release|Any CPU = Release|Any CPU
	EndGlobalSection
	GlobalSection(ProjectConfigurationPlatforms) = postSolution
		{B06AB06E-858C-4118-8234-4A01965F1DEB}.Debug|Any CPU.ActiveCfg = Debug|Any CPU
		{B06AB06E-858C-4118-8234-4A01965F1DEB}.Debug|Any CPU.Build.0 = Debug|Any CPU
		{B06AB06E-858C-4118-8234-4A01965F1DEB}.Release|Any CPU.ActiveCfg = Release|Any CPU
		{B06AB06E-858C-4118-8234-4A01965F1DEB}.Release|Any CPU.Build.0 = Release|Any CPU
		{0D30110E-5478-4A29-8130-F40F462EC4BB}.Debug|Any CPU.ActiveCfg = Debug|Any CPU
		{0D30110E-5478-4A29-8130-F40F462EC4BB}.Debug|Any CPU.Build.0 = Debug|Any CPU
		{0D30110E-5478-4A29-8130-F40F462EC4BB}.Release|Any CPU.ActiveCfg = Release|Any CPU
		{0D30110E-5478-4A29-8130-F40F462EC4BB}.Release|Any CPU.Build.0 = Release|Any CPU
		{2DEAEF29-5D9A-4769-9D8D-C44177F59D53}.Debug|Any CPU.ActiveCfg = Debug|Any CPU
		{2DEAEF29-5D9A-4769-9D8D-C44177F59D53}.Debug|Any CPU.Build.0 = Debug|Any CPU
		{2DEAEF29-5D9A-4769-9D8D-C44177F59D53}.Release|Any CPU.ActiveCfg = Release|Any CPU
		{2DEAEF29-5D9A-4769-9D8D-C44177F59D53}.Release|Any CPU.Build.0 = Release|Any CPU
		{4B2A2ACA-6223-4832-8D56-83C0438CBBE4}.Debug|Any CPU.ActiveCfg = Debug|Any CPU
		{4B2A2ACA-6223-4832-8D56-83C0438CBBE4}.Debug|Any CPU.Build.0 = Debug|Any CPU
		{4B2A2ACA-6223-4832-8D56-83C0438CBBE4}.Release|Any CPU.ActiveCfg = Release|Any CPU
		{4B2A2ACA-6223-4832-8D56-83C0438CBBE4}.Release|Any CPU.Build.0 = Release|Any CPU
	EndGlobalSection
	GlobalSection(SolutionProperties) = preSolution
		HideSolutionNode = FALSE
	EndGlobalSection
	GlobalSection(NestedProjects) = preSolution
		{B06AB06E-858C-4118-8234-4A01965F1DEB} = {CFBBC715-25EA-416A-8BC3-CC3DF45A11F3}
		{0D30110E-5478-4A29-8130-F40F462EC4BB} = {991212EE-4C9C-4B6B-A60F-42C38481E334}
		{2DEAEF29-5D9A-4769-9D8D-C44177F59D53} = {D9A2EE6B-C040-4457-A65B-CC099FC391DF}
		{4B2A2ACA-6223-4832-8D56-83C0438CBBE4} = {CFBBC715-25EA-416A-8BC3-CC3DF45A11F3}
	EndGlobalSection
	GlobalSection(ExtensibilityGlobals) = postSolution
		SolutionGuid = {EAEC55FA-8610-4277-A0D2-B501BEE4CA99}
	EndGlobalSection
EndGlobal
